{
  "version": 2,
  "dependencies": {
    ".NETFramework,Version=v4.8": {
      "Microsoft.CodeAnalysis.NetAnalyzers": {
        "type": "Direct",
        "requested": "[9.0.0, )",
        "resolved": "9.0.0",
        "contentHash": "JajbvkrBgtdRghavIjcJuNHMOja4lqBmEezbhZyqWPYh2cpLhT5mPpfC7NQVDO4IehWQum9t/nwF4v+qQGtYWg=="
      },
      "Microsoft.NET.Test.Sdk": {
        "type": "Direct",
        "requested": "[17.14.1, )",
        "resolved": "17.14.1",
        "contentHash": "HJKqKOE+vshXra2aEHpi2TlxYX7Z9VFYkr+E5rwEvHC8eIXiyO+K9kNm8vmNom3e2rA56WqxU+/N9NJlLGXsJQ==",
        "dependencies": {
          "Microsoft.CodeCoverage": "17.14.1"
        }
      },
      "Microsoft.NETFramework.ReferenceAssemblies": {
        "type": "Direct",
        "requested": "[1.0.3, )",
        "resolved": "1.0.3",
        "contentHash": "vUc9Npcs14QsyOD01tnv/m8sQUnGTGOw1BCmKcv77LBJY7OxhJ+zJF7UD/sCL3lYNFuqmQEVlkfS4Quif6FyYg==",
        "dependencies": {
          "Microsoft.NETFramework.ReferenceAssemblies.net48": "1.0.3"
        }
      },
      "Microsoft.SourceLink.GitHub": {
        "type": "Direct",
        "requested": "[8.0.0, )",
        "resolved": "8.0.0",
        "contentHash": "G5q7OqtwIyGTkeIOAc3u2ZuV/kicQaec5EaRnc0pIeSnh9LUjj+PYQrJYBURvDt7twGl2PKA7nSN0kz1Zw5bnQ==",
        "dependencies": {
          "Microsoft.Build.Tasks.Git": "8.0.0",
          "Microsoft.SourceLink.Common": "8.0.0"
        }
      },
      "MinVer": {
        "type": "Direct",
        "requested": "[6.0.0, )",
        "resolved": "6.0.0",
        "contentHash": "+/SsmiySsXJlvQLCGBqaZKNVt3s/Y/HbAdwtop7Km2CnuZbaScoqkWJEBQ5Cy9ebkn6kCYKrHsXgwrFdTgcb3g=="
      },
      "NExpect": {
        "type": "Direct",
        "requested": "[2.0.123, )",
        "resolved": "2.0.123",
        "contentHash": "4UlyTO2T9bBzaVYeavX0fEOJtOpb5SdWNhENHfDuRCP085vEZTKQtF3LpB+6eI9sxIJruvI4gLbmajjWXNIFKA==",
        "dependencies": {
          "System.Runtime.InteropServices.RuntimeInformation": "4.3.0"
        }
      },
      "NExpect.Matchers.NSubstitute": {
        "type": "Direct",
        "requested": "[2.0.123, )",
        "resolved": "2.0.123",
        "contentHash": "FWekfCxC8dWrLA+z/3v+Ba0RY/X/S3XkQr9RTbpghc8+4bXsqjFqYfRmu7kKm0GH2RVT4TYvL2e+1HejhXK7KQ==",
        "dependencies": {
          "NExpect": "2.0.123",
          "NSubstitute": "5.1.0"
        }
      },
      "NSubstitute": {
        "type": "Direct",
        "requested": "[5.3.0, )",
        "resolved": "5.3.0",
        "contentHash": "lJ47Cps5Qzr86N99lcwd+OUvQma7+fBgr8+Mn+aOC0WrlqMNkdivaYD9IvnZ5Mqo6Ky3LS7ZI+tUq1/s9ERd0Q==",
        "dependencies": {
          "Castle.Core": "5.1.1",
          "System.Threading.Tasks.Extensions": "4.3.0"
        }
      },
      "NSubstitute.Analyzers.CSharp": {
        "type": "Direct",
        "requested": "[1.0.17, )",
        "resolved": "1.0.17",
        "contentHash": "Pwz0MD7CAM/G/fvJjM3ceOfI+S0IgjanHcK7evwyrW9qAWUG8fgiEXYfSX1/s3h2JUNDOw6ik0G8zp+RT61Y1g=="
      },
      "NUnit": {
        "type": "Direct",
        "requested": "[4.4.0, )",
        "resolved": "4.4.0",
        "contentHash": "7IWJcT9xWNhG9dEGdgAWdH6maCE0eVbeVnizvXACKbAyxbjoJ9+WaEb8qsCTJi3hsb18AJBtoqvWa3G7YYUQfw==",
        "dependencies": {
          "System.Threading.Tasks.Extensions": "4.5.4",
          "System.ValueTuple": "4.5.0"
        }
      },
      "NUnit.Analyzers": {
        "type": "Direct",
        "requested": "[4.10.0, )",
        "resolved": "4.10.0",
        "contentHash": "w0DLq/bYgjUOugReSDJEOC3E9gOtVw85AJhVQoMk06+Kas2HdJMX0ojMjt+FoN8+38FIKlAppNOuHacIBkXJTQ=="
      },
      "NUnit3TestAdapter": {
        "type": "Direct",
        "requested": "[5.1.0, )",
        "resolved": "5.1.0",
        "contentHash": "Q5jgS+WMzXPLKPBvVjXU0R8R75nCPNZPbDAzNxrFnHU9y9K6q+9xXJzgj0HAMr2+ib+2/R1gCYeN1F27rcrgFw==",
        "dependencies": {
          "Microsoft.Testing.Extensions.VSTestBridge": "1.7.3",
          "Microsoft.Testing.Platform.MSBuild": "1.7.3"
        }
      },
      "Castle.Core": {
        "type": "Transitive",
        "resolved": "5.1.1",
        "contentHash": "rpYtIczkzGpf+EkZgDr9CClTdemhsrwA/W5hMoPjLkRFnXzH44zDLoovXeKtmxb1ykXK9aJVODSpiJml8CTw2g=="
      },
      "IKVM.ByteCode": {
        "type": "Transitive",
        "resolved": "9.3.4",
        "contentHash": "Hi4arsjbW/kLIFvqS+tyaQEUfms+srJ6SSO8sdk8U4Z9t81I/ndcU3qSInSasAZr7PK7gJ3CRk/FWYuPQzY+GQ==",
        "dependencies": {
          "System.Memory": "4.5.5",
          "System.Threading.Tasks.Extensions": "4.5.4"
        }
      },
      "IKVM.Image": {
        "type": "Transitive",
        "resolved": "8.13.4",
        "contentHash": "nBJgj+evKlL8y5HPAuJcAOKupcPQE3Z3yuNCtylvfJWUHNq18sv/luAoNyCa+aAKbI2O/kh2VHtBNvi6xrX4Gw==",
        "dependencies": {
          "IKVM.Image.runtime.linux-arm": "8.13.4",
          "IKVM.Image.runtime.linux-arm64": "8.13.4",
          "IKVM.Image.runtime.linux-musl-arm": "8.13.4",
          "IKVM.Image.runtime.linux-musl-arm64": "8.13.4",
          "IKVM.Image.runtime.linux-musl-x64": "8.13.4",
          "IKVM.Image.runtime.linux-x64": "8.13.4",
          "IKVM.Image.runtime.osx-arm64": "8.13.4",
          "IKVM.Image.runtime.osx-x64": "8.13.4",
          "IKVM.Image.runtime.win-arm64": "8.13.4",
          "IKVM.Image.runtime.win-x64": "8.13.4",
          "IKVM.Image.runtime.win-x86": "8.13.4"
        }
      },
      "IKVM.Image.runtime.linux-arm": {
        "type": "Transitive",
        "resolved": "8.13.4",
        "contentHash": "MX/Ea21Qz7njPeQSeTDB+f6tA1j63aqKu/iM556R/aB6mwwmc/UONZ+X/3CpqpKIzdlOp3zoD2BKvnP9Mub8jA=="
      },
      "IKVM.Image.runtime.linux-arm64": {
        "type": "Transitive",
        "resolved": "8.13.4",
        "contentHash": "tQPWoXccFWmcRNvDvw4C5Wvw2laAuQgiM1tM4VoB9BXZDfLITKFnQcDn8oalchzdNuugNkixpfC2wG/fnfZhWQ=="
      },
      "IKVM.Image.runtime.linux-musl-arm": {
        "type": "Transitive",
        "resolved": "8.13.4",
        "contentHash": "pD3RnA0JxgioKPunzHVum/zLLJAIf1BYXgMCe7khIzRBcmHsqrwgpzJMb3nsD+snchzEumjClj9nKIOJ7T9zsw=="
      },
      "IKVM.Image.runtime.linux-musl-arm64": {
        "type": "Transitive",
        "resolved": "8.13.4",
        "contentHash": "ka0QtSJy9j55Jct3rrEWb5Jndsu2K0o6a4jDZicZ9IA5axR135mFd99WxjrxzeqAgo7cILZs5emZA9zRvGGoTw=="
      },
      "IKVM.Image.runtime.linux-musl-x64": {
        "type": "Transitive",
        "resolved": "8.13.4",
        "contentHash": "1nV//sHkdllWcvp4wbHZwwUgO3lJi+Y44Fm6afevewzi+WZQ5h8dap689C8FbViNijkNPFv0wjiAIJ8HPBHgxw=="
      },
      "IKVM.Image.runtime.linux-x64": {
        "type": "Transitive",
        "resolved": "8.13.4",
        "contentHash": "gRfCzkAbyEImxMTyCmtACItJJeYUJ8o6S3fN3fV6Bt1/ggyCV0f4YymkC7e8KVGWlXQxdzs7D0Mb+toD6DwseQ=="
      },
      "IKVM.Image.runtime.osx-arm64": {
        "type": "Transitive",
        "resolved": "8.13.4",
        "contentHash": "aIpFlhffKgRb1soz+NPQaVJZ9zrZ6ZgrUJeZaSfOPqcXURzc5IpEmrQpgxfUxCHU8WqalrnH7kpIeGESNk7Rng=="
      },
      "IKVM.Image.runtime.osx-x64": {
        "type": "Transitive",
        "resolved": "8.13.4",
        "contentHash": "+ld1eY+QNAS8YoMBweVBf/s2ssRfxvwmWCuFYPsXL/I14vHlCXtUDXSmJR55vRPP5j8Fak48+Sf9bB9P7PSkaQ=="
      },
      "IKVM.Image.runtime.win-arm64": {
        "type": "Transitive",
        "resolved": "8.13.4",
        "contentHash": "u1DUbJ4prMomVTD+DaWThrTgC80SQuQdUDiPpP7oE1hCdJsE7HxA0YQ7UNt73qKd9icQG3qnfV0OFQD7sx21Ww=="
      },
      "IKVM.Image.runtime.win-x64": {
        "type": "Transitive",
        "resolved": "8.13.4",
        "contentHash": "0NhzT2XKrj38RPb8/d6itXc+Uiy3UElmW506T59EGQvVEAbp7q2VsRN9tVKZ/iZeKyOl08I3e78RyT3Z6XbGGQ=="
      },
      "IKVM.Image.runtime.win-x86": {
        "type": "Transitive",
        "resolved": "8.13.4",
        "contentHash": "n6HjaYJV+5Ei0HgiilLqwuHD+X0TDW4jtXOEM7xLvGSeBEQjbpmQ5ViGeC0uWo/qouu/Qvd+QoJUu2/ve+bTJw=="
      },
      "IKVM.MSBuild": {
        "type": "Transitive",
        "resolved": "8.13.4",
        "contentHash": "yH4tCa6rSmbRKRZv77SIB62YKGhlDo6dewkH5jue82QbDjD3WveIVlX4teXkTIvXHg012ZA5H8ceII4j3G/ThA==",
        "dependencies": {
          "IKVM.MSBuild.Tools": "8.13.4"
        }
      },
      "IKVM.MSBuild.Tools": {
        "type": "Transitive",
        "resolved": "8.13.4",
        "contentHash": "oEEr/PJsQF0pyhBjLg4aGr8qQromTrKoYhmsJK/Loc/Xn6YSjx6mkNTMk6qH0paEQWWWQ3RCk2bvkIG/WFt3Xw==",
        "dependencies": {
          "IKVM.MSBuild.Tools.runtime.linux-arm": "8.13.4",
          "IKVM.MSBuild.Tools.runtime.linux-arm64": "8.13.4",
          "IKVM.MSBuild.Tools.runtime.linux-x64": "8.13.4",
          "IKVM.MSBuild.Tools.runtime.osx-arm64": "8.13.4",
          "IKVM.MSBuild.Tools.runtime.osx-x64": "8.13.4",
          "IKVM.MSBuild.Tools.runtime.win-arm64": "8.13.4",
          "IKVM.MSBuild.Tools.runtime.win-x64": "8.13.4"
        }
      },
      "IKVM.MSBuild.Tools.runtime.linux-arm": {
        "type": "Transitive",
        "resolved": "8.13.4",
        "contentHash": "tUJbu/6w9ZjZ1LKZ0eGtrFxJczLu/4dQyKp7vdQn4QmfGqbXv9J4asJz3dlodM8/8ddK4iOwxv47qPgXWADrlg=="
      },
      "IKVM.MSBuild.Tools.runtime.linux-arm64": {
        "type": "Transitive",
        "resolved": "8.13.4",
        "contentHash": "/YTsSXa3ceeJAdJ0iTYxi6GBhtr4kI3965f+sKpNkbrUfnBAsyyCnw9tzW/kuh7kLwMrvdfD/1KQjAW2Bj9sjg=="
      },
      "IKVM.MSBuild.Tools.runtime.linux-x64": {
        "type": "Transitive",
        "resolved": "8.13.4",
        "contentHash": "/PB7I76F3lmNKT/WzHHCLN8SIrGDIAqjpDAbA0IX0pZ8yVmjBqyl9/yoWcU7xEy3XZJrpPpwiHCvW3UAZi1QDA=="
      },
      "IKVM.MSBuild.Tools.runtime.osx-arm64": {
        "type": "Transitive",
        "resolved": "8.13.4",
        "contentHash": "HZiBGAqKmbvb/LFbsJyxLPgFXHzf3iK+b9eSVOHQ7uGte5nW5SYBIZNVr+Fs30rVIQRlbg8ql+D41qqftzVwIA=="
      },
      "IKVM.MSBuild.Tools.runtime.osx-x64": {
        "type": "Transitive",
        "resolved": "8.13.4",
        "contentHash": "mx3u+VuU15x8Nasu+AErf8C5+ksmig3rYJ4f4mJgTt+pEICCeutYydRxXusMi6QIWRshIIqG+RN8ymgvd6XVFA=="
      },
      "IKVM.MSBuild.Tools.runtime.win-arm64": {
        "type": "Transitive",
        "resolved": "8.13.4",
        "contentHash": "rzom9WlukI4bFaDQiaBFlbVXBqlY6k1HfY5sbipUwlXOr+mFbbUeLQ22T5av7xbJfXJ/FmsMKfzg/cWld0IaMg=="
      },
      "IKVM.MSBuild.Tools.runtime.win-x64": {
        "type": "Transitive",
        "resolved": "8.13.4",
        "contentHash": "N6rOEoSvMiFrk3IUrY7lvrU2NVTita4r4yVVHsLxHMUq9wNQlKhoUZS7z4X0O5sGZqL5TSCrDA0dD2aw9MD+jA=="
      },
      "Microsoft.ApplicationInsights": {
        "type": "Transitive",
        "resolved": "2.23.0",
        "contentHash": "nWArUZTdU7iqZLycLKWe0TDms48KKGE6pONH2terYNa8REXiqixrMOkf1sk5DHGMaUTqONU2YkS4SAXBhLStgw==",
        "dependencies": {
          "System.Diagnostics.DiagnosticSource": "5.0.0"
        }
      },
      "Microsoft.Bcl.AsyncInterfaces": {
        "type": "Transitive",
        "resolved": "8.0.0",
        "contentHash": "3WA9q9yVqJp222P3x1wYIGDAkpjAku0TMUaaQV22g6L67AI0LdOIrVS7Ht2vJfLHGSPVuqN94vIr15qn+HEkHw==",
        "dependencies": {
          "System.Threading.Tasks.Extensions": "4.5.4"
        }
      },
      "Microsoft.Build.Tasks.Git": {
        "type": "Transitive",
        "resolved": "8.0.0",
        "contentHash": "bZKfSIKJRXLTuSzLudMFte/8CempWjVamNUR5eHJizsy+iuOuO/k2gnh7W0dHJmYY0tBf+gUErfluCv5mySAOQ=="
      },
      "Microsoft.CodeCoverage": {
        "type": "Transitive",
        "resolved": "17.14.1",
        "contentHash": "pmTrhfFIoplzFVbhVwUquT+77CbGH+h4/3mBpdmIlYtBi9nAB+kKI6dN3A/nV4DFi3wLLx/BlHIPK+MkbQ6Tpg=="
      },
      "Microsoft.NETFramework.ReferenceAssemblies.net48": {
        "type": "Transitive",
        "resolved": "1.0.3",
        "contentHash": "zMk4D+9zyiEWByyQ7oPImPN/Jhpj166Ky0Nlla4eXlNL8hI/BtSJsgR8Inldd4NNpIAH3oh8yym0W2DrhXdSLQ=="
      },
      "Microsoft.SourceLink.Common": {
        "type": "Transitive",
        "resolved": "8.0.0",
        "contentHash": "dk9JPxTCIevS75HyEQ0E4OVAFhB2N+V9ShCXf8Q6FkUQZDkgLI12y679Nym1YqsiSysuQskT7Z+6nUf3yab6Vw=="
      },
      "Microsoft.Testing.Extensions.Telemetry": {
        "type": "Transitive",
        "resolved": "1.7.3",
        "contentHash": "udSTexALlmp01a6a4fNzzpcUyUZOUbVZRRdHotCcnM1pCl3G1wqRWJlD9B6vDaIw29tYBPv7iA+YbVvq61RonA==",
        "dependencies": {
          "Microsoft.ApplicationInsights": "2.23.0",
          "Microsoft.Testing.Platform": "1.7.3"
        }
      },
      "Microsoft.Testing.Extensions.TrxReport.Abstractions": {
        "type": "Transitive",
        "resolved": "1.7.3",
        "contentHash": "dDEETHbX5JQBMIFgBPkX/FmCU4DRQSG+k58QUtz7zTdnEZDafPKH6YHSMoHY3blDiZV/vcSol35Ux3WC7wU+9Q==",
        "dependencies": {
          "Microsoft.Testing.Platform": "1.7.3"
        }
      },
      "Microsoft.Testing.Extensions.VSTestBridge": {
        "type": "Transitive",
        "resolved": "1.7.3",
        "contentHash": "iLD8UlqQis9eVmgKxuqEUBm1Tzmsqj6xluj8xe6/scM+PQ84eDX2oqi0rra2N0JLli5LxloTb0iWYN5y4+kn1A==",
        "dependencies": {
          "Microsoft.TestPlatform.AdapterUtilities": "17.13.0",
          "Microsoft.TestPlatform.ObjectModel": "17.13.0",
          "Microsoft.Testing.Extensions.Telemetry": "1.7.3",
          "Microsoft.Testing.Extensions.TrxReport.Abstractions": "1.7.3",
          "Microsoft.Testing.Platform": "1.7.3"
        }
      },
      "Microsoft.Testing.Platform": {
        "type": "Transitive",
        "resolved": "1.7.3",
        "contentHash": "cI6u+CPxv3+07cbSwJVKOfxFrecbjfZnid1fe8EMhyPY4qmsSNnm+hN+GIy8u4JIlrADfrskDiwnScjRzVzJNw=="
      },
      "Microsoft.Testing.Platform.MSBuild": {
        "type": "Transitive",
        "resolved": "1.7.3",
        "contentHash": "tSIKXv7tLLYDjfodqLuTigsmOVcYj0CDC1rYeac5MTgHjbYV8IfmYh4FprBt/xE1zW8phkCYP766F9ayo560jA==",
        "dependencies": {
          "Microsoft.Testing.Platform": "1.7.3"
        }
      },
      "Microsoft.TestPlatform.AdapterUtilities": {
        "type": "Transitive",
        "resolved": "17.13.0",
        "contentHash": "bFZ3uAhosdXjyXKURDQy37fPosCJQwedB5DG/SzsXL1QXsrfsIYty2kQMqCRRUqm8sBZBRHWRp4BT9SmpWXcKQ=="
      },
      "Microsoft.TestPlatform.ObjectModel": {
        "type": "Transitive",
        "resolved": "17.13.0",
        "contentHash": "bt0E0Dx+iqW97o4A59RCmUmz/5NarJ7LRL+jXbSHod72ibL5XdNm1Ke+UO5tFhBG4VwHLcSjqq9BUSblGNWamw==",
        "dependencies": {
          "System.Reflection.Metadata": "1.6.0"
        }
      },
      "System.Buffers": {
        "type": "Transitive",
        "resolved": "4.5.1",
        "contentHash": "Rw7ijyl1qqRS0YQD/WycNst8hUUMgrMH4FCn1nNm27M4VxchZ1js3fVjQaANHO5f3sN4isvP4a+Met9Y4YomAg=="
      },
      "System.Collections.Immutable": {
        "type": "Transitive",
        "resolved": "8.0.0",
        "contentHash": "AurL6Y5BA1WotzlEvVaIDpqzpIPvYnnldxru8oXJU2yFxFUy3+pNXjXd1ymO+RA0rq0+590Q8gaz2l3Sr7fmqg==",
        "dependencies": {
          "System.Memory": "4.5.5",
          "System.Runtime.CompilerServices.Unsafe": "6.0.0"
        }
      },
      "System.Diagnostics.DiagnosticSource": {
        "type": "Transitive",
        "resolved": "5.0.0",
        "contentHash": "tCQTzPsGZh/A9LhhA6zrqCRV4hOHsK90/G7q3Khxmn6tnB1PuNU0cRaKANP2AWcF9bn0zsuOoZOSrHuJk6oNBA==",
        "dependencies": {
          "System.Memory": "4.5.4",
          "System.Runtime.CompilerServices.Unsafe": "5.0.0"
        }
      },
      "System.IO.Compression": {
        "type": "Transitive",
        "resolved": "4.3.0",
        "contentHash": "YHndyoiV90iu4iKG115ibkhrG+S3jBm8Ap9OwoUAzO5oPDAWcr0SFwQFm0HjM8WkEZWo0zvLTyLmbvTkW1bXgg=="
      },
      "System.IO.Compression.ZipFile": {
        "type": "Transitive",
        "resolved": "4.3.0",
        "contentHash": "G4HwjEsgIwy3JFBduZ9quBkAu+eUwjIdJleuNSgmUojbH6O3mlvEIme+GHx/cLlTAPcrnnL7GqvB9pTlWRfhOg=="
      },
      "System.Memory": {
        "type": "Transitive",
        "resolved": "4.5.5",
        "contentHash": "XIWiDvKPXaTveaB7HVganDlOCRoj03l+jrwNvcge/t8vhGYKvqV+dMv6G4SAX2NoNmN0wZfVPTAlFwZcZvVOUw==",
        "dependencies": {
          "System.Buffers": "4.5.1",
          "System.Numerics.Vectors": "4.5.0",
          "System.Runtime.CompilerServices.Unsafe": "4.5.3"
        }
      },
      "System.Numerics.Vectors": {
        "type": "Transitive",
        "resolved": "4.5.0",
        "contentHash": "QQTlPTl06J/iiDbJCiepZ4H//BVraReU4O4EoRw1U02H5TLUIT7xn3GnDp9AXPSlJUDyFs4uWjWafNX6WrAojQ=="
      },
      "System.Reflection.Metadata": {
        "type": "Transitive",
        "resolved": "8.0.1",
        "contentHash": "+4sz5vGHPlo+5NpAxf2IlABnqVvOHOxv17b4dONv4hVwyNeFAeBevT14DIn7X3YWQ+eQFYO3YeTBNCleAblOKA==",
        "dependencies": {
          "System.Collections.Immutable": "8.0.0",
          "System.Memory": "4.5.5"
        }
      },
      "System.Runtime.CompilerServices.Unsafe": {
        "type": "Transitive",
        "resolved": "6.0.0",
        "contentHash": "/iUeP3tq1S0XdNNoMz5C9twLSrM/TH+qElHkXWaPvuNOt+99G75NrV0OS2EqHx5wMN7popYjpc8oTjC1y16DLg=="
      },
      "System.Runtime.InteropServices.RuntimeInformation": {
        "type": "Transitive",
        "resolved": "4.3.0",
        "contentHash": "cbz4YJMqRDR7oLeMRbdYv7mYzc++17lNhScCX0goO2XpGWdvAt60CGN+FHdePUEHCe/Jy9jUlvNAiNdM+7jsOw=="
      },
      "System.Text.Encodings.Web": {
        "type": "Transitive",
        "resolved": "8.0.0",
        "contentHash": "yev/k9GHAEGx2Rg3/tU6MQh4HGBXJs70y7j1LaM1i/ER9po+6nnQ6RRqTJn1E7Xu0fbIFK80Nh5EoODxrbxwBQ==",
        "dependencies": {
          "System.Buffers": "4.5.1",
          "System.Memory": "4.5.5",
          "System.Runtime.CompilerServices.Unsafe": "6.0.0"
        }
      },
      "System.Text.Json": {
        "type": "Transitive",
        "resolved": "8.0.5",
        "contentHash": "0f1B50Ss7rqxXiaBJyzUu9bWFOO2/zSlifZ/UNMdiIpDYe4cY4LQQicP4nirK1OS31I43rn062UIJ1Q9bpmHpg==",
        "dependencies": {
          "Microsoft.Bcl.AsyncInterfaces": "8.0.0",
          "System.Buffers": "4.5.1",
          "System.Memory": "4.5.5",
          "System.Runtime.CompilerServices.Unsafe": "6.0.0",
          "System.Text.Encodings.Web": "8.0.0",
          "System.Threading.Tasks.Extensions": "4.5.4",
          "System.ValueTuple": "4.5.0"
        }
      },
      "System.Threading.Tasks.Extensions": {
        "type": "Transitive",
        "resolved": "4.5.4",
        "contentHash": "zteT+G8xuGu6mS+mzDzYXbzS7rd3K6Fjb9RiZlYlJPam2/hU7JCBZBVEcywNuR+oZ1ncTvc/cq0faRr3P01OVg==",
        "dependencies": {
          "System.Runtime.CompilerServices.Unsafe": "4.5.3"
        }
      },
      "System.ValueTuple": {
        "type": "Transitive",
        "resolved": "4.5.0",
        "contentHash": "okurQJO6NRE/apDIP23ajJ0hpiNmJ+f0BwOlB/cSqTLQlw5upkf+5+96+iG2Jw40G1fCVCyPz/FhIABUjMR+RQ=="
      },
      "visualon.featureide": {
        "type": "Project",
        "dependencies": {
          "IKVM": "[8.13.4, )",
          "Validation": "[2.6.68, )"
        }
      },
      "IKVM": {
        "type": "CentralTransitive",
        "requested": "[8.13.4, )",
        "resolved": "8.13.4",
        "contentHash": "wHH33KEaGj/e0onu5+8iyivga9crEm2qUGXNUI5v/FaHDr8uAbBeQG6vaCLSiOylMsXA2PKEJQAoy+396bTctg==",
        "dependencies": {
          "IKVM.ByteCode": "9.3.4",
          "IKVM.Image": "8.13.4",
          "IKVM.MSBuild": "8.13.4",
          "System.Buffers": "4.5.1",
          "System.Collections.Immutable": "8.0.0",
          "System.IO.Compression": "4.3.0",
          "System.IO.Compression.ZipFile": "4.3.0",
          "System.Memory": "4.5.5",
          "System.Reflection.Metadata": "8.0.1",
          "System.Runtime.CompilerServices.Unsafe": "6.0.0",
          "System.Runtime.InteropServices.RuntimeInformation": "4.3.0",
          "System.Text.Json": "8.0.5",
          "System.ValueTuple": "4.5.0"
        }
      },
      "Validation": {
        "type": "CentralTransitive",
        "requested": "[2.6.68, )",
        "resolved": "2.6.68",
        "contentHash": "5mZ+aXsYQnr3Wxz5O2tmbgPaa5kn9R+ZlfnPyGBogXI2sh4uTiHtvU++N4bURtn9vmDYIu2Zu323K9hFz9poXQ=="
      }
    },
    "net8.0": {
      "Microsoft.CodeAnalysis.NetAnalyzers": {
        "type": "Direct",
        "requested": "[9.0.0, )",
        "resolved": "9.0.0",
        "contentHash": "JajbvkrBgtdRghavIjcJuNHMOja4lqBmEezbhZyqWPYh2cpLhT5mPpfC7NQVDO4IehWQum9t/nwF4v+qQGtYWg=="
      },
      "Microsoft.NET.Test.Sdk": {
        "type": "Direct",
        "requested": "[17.14.1, )",
        "resolved": "17.14.1",
        "contentHash": "HJKqKOE+vshXra2aEHpi2TlxYX7Z9VFYkr+E5rwEvHC8eIXiyO+K9kNm8vmNom3e2rA56WqxU+/N9NJlLGXsJQ==",
        "dependencies": {
          "Microsoft.CodeCoverage": "17.14.1",
          "Microsoft.TestPlatform.TestHost": "17.14.1"
        }
      },
      "Microsoft.SourceLink.GitHub": {
        "type": "Direct",
        "requested": "[8.0.0, )",
        "resolved": "8.0.0",
        "contentHash": "G5q7OqtwIyGTkeIOAc3u2ZuV/kicQaec5EaRnc0pIeSnh9LUjj+PYQrJYBURvDt7twGl2PKA7nSN0kz1Zw5bnQ==",
        "dependencies": {
          "Microsoft.Build.Tasks.Git": "8.0.0",
          "Microsoft.SourceLink.Common": "8.0.0"
        }
      },
      "MinVer": {
        "type": "Direct",
        "requested": "[6.0.0, )",
        "resolved": "6.0.0",
        "contentHash": "+/SsmiySsXJlvQLCGBqaZKNVt3s/Y/HbAdwtop7Km2CnuZbaScoqkWJEBQ5Cy9ebkn6kCYKrHsXgwrFdTgcb3g=="
      },
      "NExpect": {
        "type": "Direct",
        "requested": "[2.0.123, )",
        "resolved": "2.0.123",
        "contentHash": "4UlyTO2T9bBzaVYeavX0fEOJtOpb5SdWNhENHfDuRCP085vEZTKQtF3LpB+6eI9sxIJruvI4gLbmajjWXNIFKA=="
      },
      "NExpect.Matchers.NSubstitute": {
        "type": "Direct",
        "requested": "[2.0.123, )",
        "resolved": "2.0.123",
        "contentHash": "FWekfCxC8dWrLA+z/3v+Ba0RY/X/S3XkQr9RTbpghc8+4bXsqjFqYfRmu7kKm0GH2RVT4TYvL2e+1HejhXK7KQ==",
        "dependencies": {
          "NExpect": "2.0.123",
          "NSubstitute": "5.1.0"
        }
      },
      "NSubstitute": {
        "type": "Direct",
        "requested": "[5.3.0, )",
        "resolved": "5.3.0",
        "contentHash": "lJ47Cps5Qzr86N99lcwd+OUvQma7+fBgr8+Mn+aOC0WrlqMNkdivaYD9IvnZ5Mqo6Ky3LS7ZI+tUq1/s9ERd0Q==",
        "dependencies": {
          "Castle.Core": "5.1.1"
        }
      },
      "NSubstitute.Analyzers.CSharp": {
        "type": "Direct",
        "requested": "[1.0.17, )",
        "resolved": "1.0.17",
        "contentHash": "Pwz0MD7CAM/G/fvJjM3ceOfI+S0IgjanHcK7evwyrW9qAWUG8fgiEXYfSX1/s3h2JUNDOw6ik0G8zp+RT61Y1g=="
      },
      "NUnit": {
        "type": "Direct",
        "requested": "[4.4.0, )",
        "resolved": "4.4.0",
        "contentHash": "7IWJcT9xWNhG9dEGdgAWdH6maCE0eVbeVnizvXACKbAyxbjoJ9+WaEb8qsCTJi3hsb18AJBtoqvWa3G7YYUQfw=="
      },
      "NUnit.Analyzers": {
        "type": "Direct",
        "requested": "[4.10.0, )",
        "resolved": "4.10.0",
        "contentHash": "w0DLq/bYgjUOugReSDJEOC3E9gOtVw85AJhVQoMk06+Kas2HdJMX0ojMjt+FoN8+38FIKlAppNOuHacIBkXJTQ=="
      },
      "NUnit3TestAdapter": {
        "type": "Direct",
        "requested": "[5.1.0, )",
        "resolved": "5.1.0",
        "contentHash": "Q5jgS+WMzXPLKPBvVjXU0R8R75nCPNZPbDAzNxrFnHU9y9K6q+9xXJzgj0HAMr2+ib+2/R1gCYeN1F27rcrgFw==",
        "dependencies": {
          "Microsoft.Testing.Extensions.VSTestBridge": "1.7.3",
          "Microsoft.Testing.Platform.MSBuild": "1.7.3"
        }
      },
      "Castle.Core": {
        "type": "Transitive",
        "resolved": "5.1.1",
        "contentHash": "rpYtIczkzGpf+EkZgDr9CClTdemhsrwA/W5hMoPjLkRFnXzH44zDLoovXeKtmxb1ykXK9aJVODSpiJml8CTw2g==",
        "dependencies": {
          "System.Diagnostics.EventLog": "6.0.0"
        }
      },
      "IKVM.ByteCode": {
        "type": "Transitive",
        "resolved": "9.3.4",
        "contentHash": "Hi4arsjbW/kLIFvqS+tyaQEUfms+srJ6SSO8sdk8U4Z9t81I/ndcU3qSInSasAZr7PK7gJ3CRk/FWYuPQzY+GQ==",
        "dependencies": {
          "System.Memory": "4.5.5",
          "System.Threading.Tasks.Extensions": "4.5.4"
        }
      },
      "IKVM.Image": {
        "type": "Transitive",
        "resolved": "8.13.4",
        "contentHash": "nBJgj+evKlL8y5HPAuJcAOKupcPQE3Z3yuNCtylvfJWUHNq18sv/luAoNyCa+aAKbI2O/kh2VHtBNvi6xrX4Gw==",
        "dependencies": {
          "IKVM.Image.runtime.linux-arm": "8.13.4",
          "IKVM.Image.runtime.linux-arm64": "8.13.4",
          "IKVM.Image.runtime.linux-musl-arm": "8.13.4",
          "IKVM.Image.runtime.linux-musl-arm64": "8.13.4",
          "IKVM.Image.runtime.linux-musl-x64": "8.13.4",
          "IKVM.Image.runtime.linux-x64": "8.13.4",
          "IKVM.Image.runtime.osx-arm64": "8.13.4",
          "IKVM.Image.runtime.osx-x64": "8.13.4",
          "IKVM.Image.runtime.win-arm64": "8.13.4",
          "IKVM.Image.runtime.win-x64": "8.13.4",
          "IKVM.Image.runtime.win-x86": "8.13.4"
        }
      },
      "IKVM.Image.runtime.linux-arm": {
        "type": "Transitive",
        "resolved": "8.13.4",
        "contentHash": "MX/Ea21Qz7njPeQSeTDB+f6tA1j63aqKu/iM556R/aB6mwwmc/UONZ+X/3CpqpKIzdlOp3zoD2BKvnP9Mub8jA=="
      },
      "IKVM.Image.runtime.linux-arm64": {
        "type": "Transitive",
        "resolved": "8.13.4",
        "contentHash": "tQPWoXccFWmcRNvDvw4C5Wvw2laAuQgiM1tM4VoB9BXZDfLITKFnQcDn8oalchzdNuugNkixpfC2wG/fnfZhWQ=="
      },
      "IKVM.Image.runtime.linux-musl-arm": {
        "type": "Transitive",
        "resolved": "8.13.4",
        "contentHash": "pD3RnA0JxgioKPunzHVum/zLLJAIf1BYXgMCe7khIzRBcmHsqrwgpzJMb3nsD+snchzEumjClj9nKIOJ7T9zsw=="
      },
      "IKVM.Image.runtime.linux-musl-arm64": {
        "type": "Transitive",
        "resolved": "8.13.4",
        "contentHash": "ka0QtSJy9j55Jct3rrEWb5Jndsu2K0o6a4jDZicZ9IA5axR135mFd99WxjrxzeqAgo7cILZs5emZA9zRvGGoTw=="
      },
      "IKVM.Image.runtime.linux-musl-x64": {
        "type": "Transitive",
        "resolved": "8.13.4",
        "contentHash": "1nV//sHkdllWcvp4wbHZwwUgO3lJi+Y44Fm6afevewzi+WZQ5h8dap689C8FbViNijkNPFv0wjiAIJ8HPBHgxw=="
      },
      "IKVM.Image.runtime.linux-x64": {
        "type": "Transitive",
        "resolved": "8.13.4",
        "contentHash": "gRfCzkAbyEImxMTyCmtACItJJeYUJ8o6S3fN3fV6Bt1/ggyCV0f4YymkC7e8KVGWlXQxdzs7D0Mb+toD6DwseQ=="
      },
      "IKVM.Image.runtime.osx-arm64": {
        "type": "Transitive",
        "resolved": "8.13.4",
        "contentHash": "aIpFlhffKgRb1soz+NPQaVJZ9zrZ6ZgrUJeZaSfOPqcXURzc5IpEmrQpgxfUxCHU8WqalrnH7kpIeGESNk7Rng=="
      },
      "IKVM.Image.runtime.osx-x64": {
        "type": "Transitive",
        "resolved": "8.13.4",
        "contentHash": "+ld1eY+QNAS8YoMBweVBf/s2ssRfxvwmWCuFYPsXL/I14vHlCXtUDXSmJR55vRPP5j8Fak48+Sf9bB9P7PSkaQ=="
      },
      "IKVM.Image.runtime.win-arm64": {
        "type": "Transitive",
        "resolved": "8.13.4",
        "contentHash": "u1DUbJ4prMomVTD+DaWThrTgC80SQuQdUDiPpP7oE1hCdJsE7HxA0YQ7UNt73qKd9icQG3qnfV0OFQD7sx21Ww=="
      },
      "IKVM.Image.runtime.win-x64": {
        "type": "Transitive",
        "resolved": "8.13.4",
        "contentHash": "0NhzT2XKrj38RPb8/d6itXc+Uiy3UElmW506T59EGQvVEAbp7q2VsRN9tVKZ/iZeKyOl08I3e78RyT3Z6XbGGQ=="
      },
      "IKVM.Image.runtime.win-x86": {
        "type": "Transitive",
        "resolved": "8.13.4",
        "contentHash": "n6HjaYJV+5Ei0HgiilLqwuHD+X0TDW4jtXOEM7xLvGSeBEQjbpmQ5ViGeC0uWo/qouu/Qvd+QoJUu2/ve+bTJw=="
      },
      "IKVM.MSBuild": {
        "type": "Transitive",
        "resolved": "8.13.4",
        "contentHash": "yH4tCa6rSmbRKRZv77SIB62YKGhlDo6dewkH5jue82QbDjD3WveIVlX4teXkTIvXHg012ZA5H8ceII4j3G/ThA==",
        "dependencies": {
          "IKVM.MSBuild.Tools": "8.13.4"
        }
      },
      "IKVM.MSBuild.Tools": {
        "type": "Transitive",
        "resolved": "8.13.4",
        "contentHash": "oEEr/PJsQF0pyhBjLg4aGr8qQromTrKoYhmsJK/Loc/Xn6YSjx6mkNTMk6qH0paEQWWWQ3RCk2bvkIG/WFt3Xw==",
        "dependencies": {
          "IKVM.MSBuild.Tools.runtime.linux-arm": "8.13.4",
          "IKVM.MSBuild.Tools.runtime.linux-arm64": "8.13.4",
          "IKVM.MSBuild.Tools.runtime.linux-x64": "8.13.4",
          "IKVM.MSBuild.Tools.runtime.osx-arm64": "8.13.4",
          "IKVM.MSBuild.Tools.runtime.osx-x64": "8.13.4",
          "IKVM.MSBuild.Tools.runtime.win-arm64": "8.13.4",
          "IKVM.MSBuild.Tools.runtime.win-x64": "8.13.4"
        }
      },
      "IKVM.MSBuild.Tools.runtime.linux-arm": {
        "type": "Transitive",
        "resolved": "8.13.4",
        "contentHash": "tUJbu/6w9ZjZ1LKZ0eGtrFxJczLu/4dQyKp7vdQn4QmfGqbXv9J4asJz3dlodM8/8ddK4iOwxv47qPgXWADrlg=="
      },
      "IKVM.MSBuild.Tools.runtime.linux-arm64": {
        "type": "Transitive",
        "resolved": "8.13.4",
        "contentHash": "/YTsSXa3ceeJAdJ0iTYxi6GBhtr4kI3965f+sKpNkbrUfnBAsyyCnw9tzW/kuh7kLwMrvdfD/1KQjAW2Bj9sjg=="
      },
      "IKVM.MSBuild.Tools.runtime.linux-x64": {
        "type": "Transitive",
        "resolved": "8.13.4",
        "contentHash": "/PB7I76F3lmNKT/WzHHCLN8SIrGDIAqjpDAbA0IX0pZ8yVmjBqyl9/yoWcU7xEy3XZJrpPpwiHCvW3UAZi1QDA=="
      },
      "IKVM.MSBuild.Tools.runtime.osx-arm64": {
        "type": "Transitive",
        "resolved": "8.13.4",
        "contentHash": "HZiBGAqKmbvb/LFbsJyxLPgFXHzf3iK+b9eSVOHQ7uGte5nW5SYBIZNVr+Fs30rVIQRlbg8ql+D41qqftzVwIA=="
      },
      "IKVM.MSBuild.Tools.runtime.osx-x64": {
        "type": "Transitive",
        "resolved": "8.13.4",
        "contentHash": "mx3u+VuU15x8Nasu+AErf8C5+ksmig3rYJ4f4mJgTt+pEICCeutYydRxXusMi6QIWRshIIqG+RN8ymgvd6XVFA=="
      },
      "IKVM.MSBuild.Tools.runtime.win-arm64": {
        "type": "Transitive",
        "resolved": "8.13.4",
        "contentHash": "rzom9WlukI4bFaDQiaBFlbVXBqlY6k1HfY5sbipUwlXOr+mFbbUeLQ22T5av7xbJfXJ/FmsMKfzg/cWld0IaMg=="
      },
      "IKVM.MSBuild.Tools.runtime.win-x64": {
        "type": "Transitive",
        "resolved": "8.13.4",
        "contentHash": "N6rOEoSvMiFrk3IUrY7lvrU2NVTita4r4yVVHsLxHMUq9wNQlKhoUZS7z4X0O5sGZqL5TSCrDA0dD2aw9MD+jA=="
      },
      "Microsoft.ApplicationInsights": {
        "type": "Transitive",
        "resolved": "2.23.0",
        "contentHash": "nWArUZTdU7iqZLycLKWe0TDms48KKGE6pONH2terYNa8REXiqixrMOkf1sk5DHGMaUTqONU2YkS4SAXBhLStgw==",
        "dependencies": {
          "System.Diagnostics.DiagnosticSource": "5.0.0"
        }
      },
      "Microsoft.Build.Tasks.Git": {
        "type": "Transitive",
        "resolved": "8.0.0",
        "contentHash": "bZKfSIKJRXLTuSzLudMFte/8CempWjVamNUR5eHJizsy+iuOuO/k2gnh7W0dHJmYY0tBf+gUErfluCv5mySAOQ=="
      },
      "Microsoft.CodeCoverage": {
        "type": "Transitive",
        "resolved": "17.14.1",
        "contentHash": "pmTrhfFIoplzFVbhVwUquT+77CbGH+h4/3mBpdmIlYtBi9nAB+kKI6dN3A/nV4DFi3wLLx/BlHIPK+MkbQ6Tpg=="
      },
      "Microsoft.Extensions.DependencyModel": {
        "type": "Transitive",
        "resolved": "8.0.2",
        "contentHash": "mUBDZZRgZrSyFOsJ2qJJ9fXfqd/kXJwf3AiDoqLD9m6TjY5OO/vLNOb9fb4juC0487eq4hcGN/M2Rh/CKS7QYw=="
      },
      "Microsoft.SourceLink.Common": {
        "type": "Transitive",
        "resolved": "8.0.0",
        "contentHash": "dk9JPxTCIevS75HyEQ0E4OVAFhB2N+V9ShCXf8Q6FkUQZDkgLI12y679Nym1YqsiSysuQskT7Z+6nUf3yab6Vw=="
      },
      "Microsoft.Testing.Extensions.Telemetry": {
        "type": "Transitive",
        "resolved": "1.7.3",
        "contentHash": "udSTexALlmp01a6a4fNzzpcUyUZOUbVZRRdHotCcnM1pCl3G1wqRWJlD9B6vDaIw29tYBPv7iA+YbVvq61RonA==",
        "dependencies": {
          "Microsoft.ApplicationInsights": "2.23.0",
          "Microsoft.Testing.Platform": "1.7.3"
        }
      },
      "Microsoft.Testing.Extensions.TrxReport.Abstractions": {
        "type": "Transitive",
        "resolved": "1.7.3",
        "contentHash": "dDEETHbX5JQBMIFgBPkX/FmCU4DRQSG+k58QUtz7zTdnEZDafPKH6YHSMoHY3blDiZV/vcSol35Ux3WC7wU+9Q==",
        "dependencies": {
          "Microsoft.Testing.Platform": "1.7.3"
        }
      },
      "Microsoft.Testing.Extensions.VSTestBridge": {
        "type": "Transitive",
        "resolved": "1.7.3",
        "contentHash": "iLD8UlqQis9eVmgKxuqEUBm1Tzmsqj6xluj8xe6/scM+PQ84eDX2oqi0rra2N0JLli5LxloTb0iWYN5y4+kn1A==",
        "dependencies": {
          "Microsoft.TestPlatform.AdapterUtilities": "17.13.0",
          "Microsoft.TestPlatform.ObjectModel": "17.13.0",
          "Microsoft.Testing.Extensions.Telemetry": "1.7.3",
          "Microsoft.Testing.Extensions.TrxReport.Abstractions": "1.7.3",
          "Microsoft.Testing.Platform": "1.7.3"
        }
      },
      "Microsoft.Testing.Platform": {
        "type": "Transitive",
        "resolved": "1.7.3",
        "contentHash": "cI6u+CPxv3+07cbSwJVKOfxFrecbjfZnid1fe8EMhyPY4qmsSNnm+hN+GIy8u4JIlrADfrskDiwnScjRzVzJNw=="
      },
      "Microsoft.Testing.Platform.MSBuild": {
        "type": "Transitive",
        "resolved": "1.7.3",
        "contentHash": "tSIKXv7tLLYDjfodqLuTigsmOVcYj0CDC1rYeac5MTgHjbYV8IfmYh4FprBt/xE1zW8phkCYP766F9ayo560jA==",
        "dependencies": {
          "Microsoft.Testing.Platform": "1.7.3"
        }
      },
      "Microsoft.TestPlatform.AdapterUtilities": {
        "type": "Transitive",
        "resolved": "17.13.0",
        "contentHash": "bFZ3uAhosdXjyXKURDQy37fPosCJQwedB5DG/SzsXL1QXsrfsIYty2kQMqCRRUqm8sBZBRHWRp4BT9SmpWXcKQ=="
      },
      "Microsoft.TestPlatform.ObjectModel": {
        "type": "Transitive",
        "resolved": "17.14.1",
        "contentHash": "xTP1W6Mi6SWmuxd3a+jj9G9UoC850WGwZUps1Wah9r1ZxgXhdJfj1QqDLJkFjHDCvN42qDL2Ps5KjQYWUU0zcQ==",
        "dependencies": {
          "System.Reflection.Metadata": "8.0.0"
        }
      },
      "Microsoft.TestPlatform.TestHost": {
        "type": "Transitive",
        "resolved": "17.14.1",
        "contentHash": "d78LPzGKkJwsJXAQwsbJJ7LE7D1wB+rAyhHHAaODF+RDSQ0NgMjDFkSA1Djw18VrxO76GlKAjRUhl+H8NL8Z+Q==",
        "dependencies": {
          "Microsoft.TestPlatform.ObjectModel": "17.14.1",
          "Newtonsoft.Json": "13.0.3"
        }
      },
      "Newtonsoft.Json": {
        "type": "Transitive",
        "resolved": "13.0.3",
        "contentHash": "HrC5BXdl00IP9zeV+0Z848QWPAoCr9P3bDEZguI+gkLcBKAOxix/tLEAAHC+UvDNPv4a2d18lOReHMOagPa+zQ=="
      },
      "System.Collections.Immutable": {
        "type": "Transitive",
        "resolved": "8.0.0",
        "contentHash": "AurL6Y5BA1WotzlEvVaIDpqzpIPvYnnldxru8oXJU2yFxFUy3+pNXjXd1ymO+RA0rq0+590Q8gaz2l3Sr7fmqg=="
      },
      "System.Data.Odbc": {
        "type": "Transitive",
        "resolved": "8.0.0",
        "contentHash": "c+GfnZt2/HyU+voKw2fctLZClcNjPZPWS+mnIhGvDknRMqL/fwWlREWPgA4csbp9ZkQIgB4qkufgdh/oh5Ubow==",
        "dependencies": {
          "System.Text.Encoding.CodePages": "8.0.0"
        }
      },
      "System.Diagnostics.DiagnosticSource": {
        "type": "Transitive",
        "resolved": "5.0.0",
        "contentHash": "tCQTzPsGZh/A9LhhA6zrqCRV4hOHsK90/G7q3Khxmn6tnB1PuNU0cRaKANP2AWcF9bn0zsuOoZOSrHuJk6oNBA=="
      },
      "System.Diagnostics.EventLog": {
        "type": "Transitive",
        "resolved": "6.0.0",
        "contentHash": "lcyUiXTsETK2ALsZrX+nWuHSIQeazhqPphLfaRxzdGaG93+0kELqpgEHtwWOlQe7+jSFnKwaCAgL4kjeZCQJnw=="
      },
      "System.Memory": {
        "type": "Transitive",
        "resolved": "4.5.5",
        "contentHash": "XIWiDvKPXaTveaB7HVganDlOCRoj03l+jrwNvcge/t8vhGYKvqV+dMv6G4SAX2NoNmN0wZfVPTAlFwZcZvVOUw=="
      },
      "System.Reflection.Metadata": {
        "type": "Transitive",
        "resolved": "8.0.1",
        "contentHash": "+4sz5vGHPlo+5NpAxf2IlABnqVvOHOxv17b4dONv4hVwyNeFAeBevT14DIn7X3YWQ+eQFYO3YeTBNCleAblOKA=="
      },
      "System.Text.Encoding.CodePages": {
        "type": "Transitive",
        "resolved": "8.0.0",
        "contentHash": "OZIsVplFGaVY90G2SbpgU7EnCoOO5pw1t4ic21dBF3/1omrJFpAGoNAVpPyMVOC90/hvgkGG3VFqR13YgZMQfg=="
      },
      "System.Text.Json": {
        "type": "Transitive",
        "resolved": "8.0.5",
        "contentHash": "0f1B50Ss7rqxXiaBJyzUu9bWFOO2/zSlifZ/UNMdiIpDYe4cY4LQQicP4nirK1OS31I43rn062UIJ1Q9bpmHpg=="
      },
      "System.Threading.Tasks.Extensions": {
        "type": "Transitive",
        "resolved": "4.5.4",
        "contentHash": "zteT+G8xuGu6mS+mzDzYXbzS7rd3K6Fjb9RiZlYlJPam2/hU7JCBZBVEcywNuR+oZ1ncTvc/cq0faRr3P01OVg=="
      },
      "visualon.featureide": {
        "type": "Project",
        "dependencies": {
          "IKVM": "[8.13.4, )",
          "Validation": "[2.6.68, )"
        }
      },
      "IKVM": {
        "type": "CentralTransitive",
        "requested": "[8.13.4, )",
        "resolved": "8.13.4",
        "contentHash": "wHH33KEaGj/e0onu5+8iyivga9crEm2qUGXNUI5v/FaHDr8uAbBeQG6vaCLSiOylMsXA2PKEJQAoy+396bTctg==",
        "dependencies": {
          "IKVM.ByteCode": "9.3.4",
          "IKVM.Image": "8.13.4",
          "IKVM.MSBuild": "8.13.4",
          "Microsoft.Extensions.DependencyModel": "8.0.2",
          "System.Collections.Immutable": "8.0.0",
          "System.Data.Odbc": "8.0.0",
          "System.Memory": "4.5.5",
          "System.Reflection.Metadata": "8.0.1",
          "System.Text.Json": "8.0.5"
        }
      },
      "Validation": {
        "type": "CentralTransitive",
        "requested": "[2.6.68, )",
        "resolved": "2.6.68",
        "contentHash": "5mZ+aXsYQnr3Wxz5O2tmbgPaa5kn9R+ZlfnPyGBogXI2sh4uTiHtvU++N4bURtn9vmDYIu2Zu323K9hFz9poXQ=="
      }
    }
  }
}